// !$*UTF8*$!
{
	archiveVersion = 1;
	classes = {
	};
	objectVersion = 56;
	objects = {

/* Begin PBXBuildFile section */
		AD582B752C95EDA70046B6D0 /* Extensions.swift in Sources */ = {isa = PBXBuildFile; fileRef = AD582B722C95EA190046B6D0 /* Extensions.swift */; };
		ADB555532C9512EB008432D9 /* ColorMixApp.swift in Sources */ = {isa = PBXBuildFile; fileRef = ADB555522C9512EB008432D9 /* ColorMixApp.swift */; };
		ADB555552C9512EB008432D9 /* ContentView.swift in Sources */ = {isa = PBXBuildFile; fileRef = ADB555542C9512EB008432D9 /* ContentView.swift */; };
		ADB555572C9512EC008432D9 /* Assets.xcassets in Resources */ = {isa = PBXBuildFile; fileRef = ADB555562C9512EC008432D9 /* Assets.xcassets */; };
		ADB5555A2C9512EC008432D9 /* Preview Assets.xcassets in Resources */ = {isa = PBXBuildFile; fileRef = ADB555592C9512EC008432D9 /* Preview Assets.xcassets */; };
		ADB555642C9512EC008432D9 /* ColorMixTests.swift in Sources */ = {isa = PBXBuildFile; fileRef = ADB555632C9512EC008432D9 /* ColorMixTests.swift */; };
		ADB5556E2C9512EC008432D9 /* ColorMixUITests.swift in Sources */ = {isa = PBXBuildFile; fileRef = ADB5556D2C9512EC008432D9 /* ColorMixUITests.swift */; };
		ADB555702C9512EC008432D9 /* ColorMixUITestsLaunchTests.swift in Sources */ = {isa = PBXBuildFile; fileRef = ADB5556F2C9512EC008432D9 /* ColorMixUITestsLaunchTests.swift */; };
/* End PBXBuildFile section */

/* Begin PBXContainerItemProxy section */
		ADB555602C9512EC008432D9 /* PBXContainerItemProxy */ = {
			isa = PBXContainerItemProxy;
			containerPortal = ADB555472C9512EB008432D9 /* Project object */;
			proxyType = 1;
			remoteGlobalIDString = ADB5554E2C9512EB008432D9;
			remoteInfo = ColorMix;
		};
		ADB5556A2C9512EC008432D9 /* PBXContainerItemProxy */ = {
			isa = PBXContainerItemProxy;
			containerPortal = ADB555472C9512EB008432D9 /* Project object */;
			proxyType = 1;
			remoteGlobalIDString = ADB5554E2C9512EB008432D9;
			remoteInfo = ColorMix;
		};
/* End PBXContainerItemProxy section */

/* Begin PBXFileReference section */
		AD582B722C95EA190046B6D0 /* Extensions.swift */ = {isa = PBXFileReference; lastKnownFileType = sourcecode.swift; path = Extensions.swift; sourceTree = "<group>"; };
		ADB5554F2C9512EB008432D9 /* ColorMix.app */ = {isa = PBXFileReference; explicitFileType = wrapper.application; includeInIndex = 0; path = ColorMix.app; sourceTree = BUILT_PRODUCTS_DIR; };
		ADB555522C9512EB008432D9 /* ColorMixApp.swift */ = {isa = PBXFileReference; lastKnownFileType = sourcecode.swift; path = ColorMixApp.swift; sourceTree = "<group>"; };
		ADB555542C9512EB008432D9 /* ContentView.swift */ = {isa = PBXFileReference; lastKnownFileType = sourcecode.swift; path = ContentView.swift; sourceTree = "<group>"; };
		ADB555562C9512EC008432D9 /* Assets.xcassets */ = {isa = PBXFileReference; lastKnownFileType = folder.assetcatalog; path = Assets.xcassets; sourceTree = "<group>"; };
		ADB555592C9512EC008432D9 /* Preview Assets.xcassets */ = {isa = PBXFileReference; lastKnownFileType = folder.assetcatalog; path = "Preview Assets.xcassets"; sourceTree = "<group>"; };
		ADB5555F2C9512EC008432D9 /* ColorMixTests.xctest */ = {isa = PBXFileReference; explicitFileType = wrapper.cfbundle; includeInIndex = 0; path = ColorMixTests.xctest; sourceTree = BUILT_PRODUCTS_DIR; };
		ADB555632C9512EC008432D9 /* ColorMixTests.swift */ = {isa = PBXFileReference; lastKnownFileType = sourcecode.swift; path = ColorMixTests.swift; sourceTree = "<group>"; };
		ADB555692C9512EC008432D9 /* ColorMixUITests.xctest */ = {isa = PBXFileReference; explicitFileType = wrapper.cfbundle; includeInIndex = 0; path = ColorMixUITests.xctest; sourceTree = BUILT_PRODUCTS_DIR; };
		ADB5556D2C9512EC008432D9 /* ColorMixUITests.swift */ = {isa = PBXFileReference; lastKnownFileType = sourcecode.swift; path = ColorMixUITests.swift; sourceTree = "<group>"; };
		ADB5556F2C9512EC008432D9 /* ColorMixUITestsLaunchTests.swift */ = {isa = PBXFileReference; lastKnownFileType = sourcecode.swift; path = ColorMixUITestsLaunchTests.swift; sourceTree = "<group>"; };
/* End PBXFileReference section */

/* Begin PBXFrameworksBuildPhase section */
		ADB5554C2C9512EB008432D9 /* Frameworks */ = {
			isa = PBXFrameworksBuildPhase;
			buildActionMask = 2147483647;
			files = (
			);
			runOnlyForDeploymentPostprocessing = 0;
		};
		ADB5555C2C9512EC008432D9 /* Frameworks */ = {
			isa = PBXFrameworksBuildPhase;
			buildActionMask = 2147483647;
			files = (
			);
			runOnlyForDeploymentPostprocessing = 0;
		};
		ADB555662C9512EC008432D9 /* Frameworks */ = {
			isa = PBXFrameworksBuildPhase;
			buildActionMask = 2147483647;
			files = (
			);
			runOnlyForDeploymentPostprocessing = 0;
		};
/* End PBXFrameworksBuildPhase section */

/* Begin PBXGroup section */
		ADB555462C9512EB008432D9 = {
			isa = PBXGroup;
			children = (
				ADB555512C9512EB008432D9 /* ColorMix */,
				ADB555622C9512EC008432D9 /* ColorMixTests */,
				ADB5556C2C9512EC008432D9 /* ColorMixUITests */,
				ADB555502C9512EB008432D9 /* Products */,
			);
			sourceTree = "<group>";
		};
		ADB555502C9512EB008432D9 /* Products */ = {
			isa = PBXGroup;
			children = (
				ADB5554F2C9512EB008432D9 /* ColorMix.app */,
				ADB5555F2C9512EC008432D9 /* ColorMixTests.xctest */,
				ADB555692C9512EC008432D9 /* ColorMixUITests.xctest */,
			);
			name = Products;
			sourceTree = "<group>";
		};
		ADB555512C9512EB008432D9 /* ColorMix */ = {
			isa = PBXGroup;
			children = (
				ADB555522C9512EB008432D9 /* ColorMixApp.swift */,
				ADB555542C9512EB008432D9 /* ContentView.swift */,
				AD582B722C95EA190046B6D0 /* Extensions.swift */,
				ADB555562C9512EC008432D9 /* Assets.xcassets */,
				ADB555582C9512EC008432D9 /* Preview Content */,
			);
			path = ColorMix;
			sourceTree = "<group>";
		};
		ADB555582C9512EC008432D9 /* Preview Content */ = {
			isa = PBXGroup;
			children = (
				ADB555592C9512EC008432D9 /* Preview Assets.xcassets */,
			);
			path = "Preview Content";
			sourceTree = "<group>";
		};
		ADB555622C9512EC008432D9 /* ColorMixTests */ = {
			isa = PBXGroup;
			children = (
				ADB555632C9512EC008432D9 /* ColorMixTests.swift */,
			);
			path = ColorMixTests;
			sourceTree = "<group>";
		};
		ADB5556C2C9512EC008432D9 /* ColorMixUITests */ = {
			isa = PBXGroup;
			children = (
				ADB5556D2C9512EC008432D9 /* ColorMixUITests.swift */,
				ADB5556F2C9512EC008432D9 /* ColorMixUITestsLaunchTests.swift */,
			);
			path = ColorMixUITests;
			sourceTree = "<group>";
		};
/* End PBXGroup section */

/* Begin PBXNativeTarget section */
		ADB5554E2C9512EB008432D9 /* ColorMix */ = {
			isa = PBXNativeTarget;
			buildConfigurationList = ADB555732C9512EC008432D9 /* Build configuration list for PBXNativeTarget "ColorMix" */;
			buildPhases = (
				ADB5554B2C9512EB008432D9 /* Sources */,
				ADB5554C2C9512EB008432D9 /* Frameworks */,
				ADB5554D2C9512EB008432D9 /* Resources */,
			);
			buildRules = (
			);
			dependencies = (
			);
			name = ColorMix;
			productName = ColorMix;
			productReference = ADB5554F2C9512EB008432D9 /* ColorMix.app */;
			productType = "com.apple.product-type.application";
		};
		ADB5555E2C9512EC008432D9 /* ColorMixTests */ = {
			isa = PBXNativeTarget;
			buildConfigurationList = ADB555762C9512EC008432D9 /* Build configuration list for PBXNativeTarget "ColorMixTests" */;
			buildPhases = (
				ADB5555B2C9512EC008432D9 /* Sources */,
				ADB5555C2C9512EC008432D9 /* Frameworks */,
				ADB5555D2C9512EC008432D9 /* Resources */,
			);
			buildRules = (
			);
			dependencies = (
				ADB555612C9512EC008432D9 /* PBXTargetDependency */,
			);
			name = ColorMixTests;
			productName = ColorMixTests;
			productReference = ADB5555F2C9512EC008432D9 /* ColorMixTests.xctest */;
			productType = "com.apple.product-type.bundle.unit-test";
		};
		ADB555682C9512EC008432D9 /* ColorMixUITests */ = {
			isa = PBXNativeTarget;
			buildConfigurationList = ADB555792C9512EC008432D9 /* Build configuration list for PBXNativeTarget "ColorMixUITests" */;
			buildPhases = (
				ADB555652C9512EC008432D9 /* Sources */,
				ADB555662C9512EC008432D9 /* Frameworks */,
				ADB555672C9512EC008432D9 /* Resources */,
			);
			buildRules = (
			);
			dependencies = (
				ADB5556B2C9512EC008432D9 /* PBXTargetDependency */,
			);
			name = ColorMixUITests;
			productName = ColorMixUITests;
			productReference = ADB555692C9512EC008432D9 /* ColorMixUITests.xctest */;
			productType = "com.apple.product-type.bundle.ui-testing";
		};
/* End PBXNativeTarget section */

/* Begin PBXProject section */
		ADB555472C9512EB008432D9 /* Project object */ = {
			isa = PBXProject;
			attributes = {
				BuildIndependentTargetsInParallel = 1;
				LastSwiftUpdateCheck = 1540;
				LastUpgradeCheck = 1540;
				TargetAttributes = {
					ADB5554E2C9512EB008432D9 = {
						CreatedOnToolsVersion = 15.4;
					};
					ADB5555E2C9512EC008432D9 = {
						CreatedOnToolsVersion = 15.4;
						TestTargetID = ADB5554E2C9512EB008432D9;
					};
					ADB555682C9512EC008432D9 = {
						CreatedOnToolsVersion = 15.4;
						TestTargetID = ADB5554E2C9512EB008432D9;
					};
				};
			};
			buildConfigurationList = ADB5554A2C9512EB008432D9 /* Build configuration list for PBXProject "ColorMix" */;
			compatibilityVersion = "Xcode 14.0";
			developmentRegion = en;
			hasScannedForEncodings = 0;
			knownRegions = (
				en,
				Base,
			);
			mainGroup = ADB555462C9512EB008432D9;
			productRefGroup = ADB555502C9512EB008432D9 /* Products */;
			projectDirPath = "";
			projectRoot = "";
			targets = (
				ADB5554E2C9512EB008432D9 /* ColorMix */,
				ADB5555E2C9512EC008432D9 /* ColorMixTests */,
				ADB555682C9512EC008432D9 /* ColorMixUITests */,
			);
		};
/* End PBXProject section */

/* Begin PBXResourcesBuildPhase section */
		ADB5554D2C9512EB008432D9 /* Resources */ = {
			isa = PBXResourcesBuildPhase;
			buildActionMask = 2147483647;
			files = (
				ADB5555A2C9512EC008432D9 /* Preview Assets.xcassets in Resources */,
				ADB555572C9512EC008432D9 /* Assets.xcassets in Resources */,
			);
			runOnlyForDeploymentPostprocessing = 0;
		};
		ADB5555D2C9512EC008432D9 /* Resources */ = {
			isa = PBXResourcesBuildPhase;
			buildActionMask = 2147483647;
			files = (
			);
			runOnlyForDeploymentPostprocessing = 0;
		};
		ADB555672C9512EC008432D9 /* Resources */ = {
			isa = PBXResourcesBuildPhase;
			buildActionMask = 2147483647;
			files = (
			);
			runOnlyForDeploymentPostprocessing = 0;
		};
/* End PBXResourcesBuildPhase section */

/* Begin PBXSourcesBuildPhase section */
		ADB5554B2C9512EB008432D9 /* Sources */ = {
			isa = PBXSourcesBuildPhase;
			buildActionMask = 2147483647;
			files = (
				ADB555552C9512EB008432D9 /* ContentView.swift in Sources */,
				AD582B752C95EDA70046B6D0 /* Extensions.swift in Sources */,
				ADB555532C9512EB008432D9 /* ColorMixApp.swift in Sources */,
			);
			runOnlyForDeploymentPostprocessing = 0;
		};
		ADB5555B2C9512EC008432D9 /* Sources */ = {
			isa = PBXSourcesBuildPhase;
			buildActionMask = 2147483647;
			files = (
				ADB555642C9512EC008432D9 /* ColorMixTests.swift in Sources */,
			);
			runOnlyForDeploymentPostprocessing = 0;
		};
		ADB555652C9512EC008432D9 /* Sources */ = {
			isa = PBXSourcesBuildPhase;
			buildActionMask = 2147483647;
			files = (
				ADB555702C9512EC008432D9 /* ColorMixUITestsLaunchTests.swift in Sources */,
				ADB5556E2C9512EC008432D9 /* ColorMixUITests.swift in Sources */,
			);
			runOnlyForDeploymentPostprocessing = 0;
		};
/* End PBXSourcesBuildPhase section */

/* Begin PBXTargetDependency section */
		ADB555612C9512EC008432D9 /* PBXTargetDependency */ = {
			isa = PBXTargetDependency;
			target = ADB5554E2C9512EB008432D9 /* ColorMix */;
			targetProxy = ADB555602C9512EC008432D9 /* PBXContainerItemProxy */;
		};
		ADB5556B2C9512EC008432D9 /* PBXTargetDependency */ = {
			isa = PBXTargetDependency;
			target = ADB5554E2C9512EB008432D9 /* ColorMix */;
			targetProxy = ADB5556A2C9512EC008432D9 /* PBXContainerItemProxy */;
		};
/* End PBXTargetDependency section */

/* Begin XCBuildConfiguration section */
		ADB555712C9512EC008432D9 /* Debug */ = {
			isa = XCBuildConfiguration;
			buildSettings = {
				ALWAYS_SEARCH_USER_PATHS = NO;
				ASSETCATALOG_COMPILER_GENERATE_SWIFT_ASSET_SYMBOL_EXTENSIONS = YES;
				CLANG_ANALYZER_NONNULL = YES;
				CLANG_ANALYZER_NUMBER_OBJECT_CONVERSION = YES_AGGRESSIVE;
				CLANG_CXX_LANGUAGE_STANDARD = "gnu++20";
				CLANG_ENABLE_MODULES = YES;
				CLANG_ENABLE_OBJC_ARC = YES;
				CLANG_ENABLE_OBJC_WEAK = YES;
				CLANG_WARN_BLOCK_CAPTURE_AUTORELEASING = YES;
				CLANG_WARN_BOOL_CONVERSION = YES;
				CLANG_WARN_COMMA = YES;
				CLANG_WARN_CONSTANT_CONVERSION = YES;
				CLANG_WARN_DEPRECATED_OBJC_IMPLEMENTATIONS = YES;
				CLANG_WARN_DIRECT_OBJC_ISA_USAGE = YES_ERROR;
				CLANG_WARN_DOCUMENTATION_COMMENTS = YES;
				CLANG_WARN_EMPTY_BODY = YES;
				CLANG_WARN_ENUM_CONVERSION = YES;
				CLANG_WARN_INFINITE_RECURSION = YES;
				CLANG_WARN_INT_CONVERSION = YES;
				CLANG_WARN_NON_LITERAL_NULL_CONVERSION = YES;
				CLANG_WARN_OBJC_IMPLICIT_RETAIN_SELF = YES;
				CLANG_WARN_OBJC_LITERAL_CONVERSION = YES;
				CLANG_WARN_OBJC_ROOT_CLASS = YES_ERROR;
				CLANG_WARN_QUOTED_INCLUDE_IN_FRAMEWORK_HEADER = YES;
				CLANG_WARN_RANGE_LOOP_ANALYSIS = YES;
				CLANG_WARN_STRICT_PROTOTYPES = YES;
				CLANG_WARN_SUSPICIOUS_MOVE = YES;
				CLANG_WARN_UNGUARDED_AVAILABILITY = YES_AGGRESSIVE;
				CLANG_WARN_UNREACHABLE_CODE = YES;
				CLANG_WARN__DUPLICATE_METHOD_MATCH = YES;
				COPY_PHASE_STRIP = NO;
				DEBUG_INFORMATION_FORMAT = dwarf;
				ENABLE_STRICT_OBJC_MSGSEND = YES;
				ENABLE_TESTABILITY = YES;
				ENABLE_USER_SCRIPT_SANDBOXING = YES;
				GCC_C_LANGUAGE_STANDARD = gnu17;
				GCC_DYNAMIC_NO_PIC = NO;
				GCC_NO_COMMON_BLOCKS = YES;
				GCC_OPTIMIZATION_LEVEL = 0;
				GCC_PREPROCESSOR_DEFINITIONS = (
					"DEBUG=1",
					"$(inherited)",
				);
				GCC_WARN_64_TO_32_BIT_CONVERSION = YES;
				GCC_WARN_ABOUT_RETURN_TYPE = YES_ERROR;
				GCC_WARN_UNDECLARED_SELECTOR = YES;
				GCC_WARN_UNINITIALIZED_AUTOS = YES_AGGRESSIVE;
				GCC_WARN_UNUSED_FUNCTION = YES;
				GCC_WARN_UNUSED_VARIABLE = YES;
				IPHONEOS_DEPLOYMENT_TARGET = 17.5;
				LOCALIZATION_PREFERS_STRING_CATALOGS = YES;
				MTL_ENABLE_DEBUG_INFO = INCLUDE_SOURCE;
				MTL_FAST_MATH = YES;
				ONLY_ACTIVE_ARCH = YES;
				SDKROOT = iphoneos;
				SWIFT_ACTIVE_COMPILATION_CONDITIONS = "DEBUG $(inherited)";
				SWIFT_OPTIMIZATION_LEVEL = "-Onone";
			};
			name = Debug;
		};
		ADB555722C9512EC008432D9 /* Release */ = {
			isa = XCBuildConfiguration;
			buildSettings = {
				ALWAYS_SEARCH_USER_PATHS = NO;
				ASSETCATALOG_COMPILER_GENERATE_SWIFT_ASSET_SYMBOL_EXTENSIONS = YES;
				CLANG_ANALYZER_NONNULL = YES;
				CLANG_ANALYZER_NUMBER_OBJECT_CONVERSION = YES_AGGRESSIVE;
				CLANG_CXX_LANGUAGE_STANDARD = "gnu++20";
				CLANG_ENABLE_MODULES = YES;
				CLANG_ENABLE_OBJC_ARC = YES;
				CLANG_ENABLE_OBJC_WEAK = YES;
				CLANG_WARN_BLOCK_CAPTURE_AUTORELEASING = YES;
				CLANG_WARN_BOOL_CONVERSION = YES;
				CLANG_WARN_COMMA = YES;
				CLANG_WARN_CONSTANT_CONVERSION = YES;
				CLANG_WARN_DEPRECATED_OBJC_IMPLEMENTATIONS = YES;
				CLANG_WARN_DIRECT_OBJC_ISA_USAGE = YES_ERROR;
				CLANG_WARN_DOCUMENTATION_COMMENTS = YES;
				CLANG_WARN_EMPTY_BODY = YES;
				CLANG_WARN_ENUM_CONVERSION = YES;
				CLANG_WARN_INFINITE_RECURSION = YES;
				CLANG_WARN_INT_CONVERSION = YES;
				CLANG_WARN_NON_LITERAL_NULL_CONVERSION = YES;
				CLANG_WARN_OBJC_IMPLICIT_RETAIN_SELF = YES;
				CLANG_WARN_OBJC_LITERAL_CONVERSION = YES;
				CLANG_WARN_OBJC_ROOT_CLASS = YES_ERROR;
				CLANG_WARN_QUOTED_INCLUDE_IN_FRAMEWORK_HEADER = YES;
				CLANG_WARN_RANGE_LOOP_ANALYSIS = YES;
				CLANG_WARN_STRICT_PROTOTYPES = YES;
				CLANG_WARN_SUSPICIOUS_MOVE = YES;
				CLANG_WARN_UNGUARDED_AVAILABILITY = YES_AGGRESSIVE;
				CLANG_WARN_UNREACHABLE_CODE = YES;
				CLANG_WARN__DUPLICATE_METHOD_MATCH = YES;
				COPY_PHASE_STRIP = NO;
				DEBUG_INFORMATION_FORMAT = "dwarf-with-dsym";
				ENABLE_NS_ASSERTIONS = NO;
				ENABLE_STRICT_OBJC_MSGSEND = YES;
				ENABLE_USER_SCRIPT_SANDBOXING = YES;
				GCC_C_LANGUAGE_STANDARD = gnu17;
				GCC_NO_COMMON_BLOCKS = YES;
				GCC_WARN_64_TO_32_BIT_CONVERSION = YES;
				GCC_WARN_ABOUT_RETURN_TYPE = YES_ERROR;
				GCC_WARN_UNDECLARED_SELECTOR = YES;
				GCC_WARN_UNINITIALIZED_AUTOS = YES_AGGRESSIVE;
				GCC_WARN_UNUSED_FUNCTION = YES;
				GCC_WARN_UNUSED_VARIABLE = YES;
				IPHONEOS_DEPLOYMENT_TARGET = 17.5;
				LOCALIZATION_PREFERS_STRING_CATALOGS = YES;
				MTL_ENABLE_DEBUG_INFO = NO;
				MTL_FAST_MATH = YES;
				SDKROOT = iphoneos;
				SWIFT_COMPILATION_MODE = wholemodule;
				VALIDATE_PRODUCT = YES;
			};
			name = Release;
		};
		ADB555742C9512EC008432D9 /* Debug */ = {
			isa = XCBuildConfiguration;
			buildSettings = {
				ASSETCATALOG_COMPILER_APPICON_NAME = AppIcon;
				ASSETCATALOG_COMPILER_GLOBAL_ACCENT_COLOR_NAME = AccentColor;
				CODE_SIGN_STYLE = Automatic;
				CURRENT_PROJECT_VERSION = 1;
				DEVELOPMENT_ASSET_PATHS = "\"ColorMix/Preview Content\"";
				ENABLE_PREVIEWS = YES;
				GENERATE_INFOPLIST_FILE = YES;
				INFOPLIST_KEY_UIApplicationSceneManifest_Generation = YES;
				INFOPLIST_KEY_UIApplicationSupportsIndirectInputEvents = YES;
				INFOPLIST_KEY_UILaunchScreen_Generation = YES;
				INFOPLIST_KEY_UISupportedInterfaceOrientations_iPad = "UIInterfaceOrientationPortrait UIInterfaceOrientationPortraitUpsideDown UIInterfaceOrientationLandscapeLeft UIInterfaceOrientationLandscapeRight";
				INFOPLIST_KEY_UISupportedInterfaceOrientations_iPhone = "UIInterfaceOrientationPortrait UIInterfaceOrientationLandscapeLeft UIInterfaceOrientationLandscapeRight";
				LD_RUNPATH_SEARCH_PATHS = (
					"$(inherited)",
					"@executable_path/Frameworks",
				);
				MARKETING_VERSION = 1.0;
				PRODUCT_BUNDLE_IDENTIFIER = my.ColorMix;
				PRODUCT_NAME = "$(TARGET_NAME)";
				SWIFT_EMIT_LOC_STRINGS = YES;
				SWIFT_VERSION = 5.0;
				TARGETED_DEVICE_FAMILY = "1,2";
			};
			name = Debug;
		};
		ADB555752C9512EC008432D9 /* Release */ = {
			isa = XCBuildConfiguration;
			buildSettings = {
				ASSETCATALOG_COMPILER_APPICON_NAME = AppIcon;
				ASSETCATALOG_COMPILER_GLOBAL_ACCENT_COLOR_NAME = AccentColor;
				CODE_SIGN_STYLE = Automatic;
				CURRENT_PROJECT_VERSION = 1;
				DEVELOPMENT_ASSET_PATHS = "\"ColorMix/Preview Content\"";
				ENABLE_PREVIEWS = YES;
				GENERATE_INFOPLIST_FILE = YES;
				INFOPLIST_KEY_UIApplicationSceneManifest_Generation = YES;
				INFOPLIST_KEY_UIApplicationSupportsIndirectInputEvents = YES;
				INFOPLIST_KEY_UILaunchScreen_Generation = YES;
				INFOPLIST_KEY_UISupportedInterfaceOrientations_iPad = "UIInterfaceOrientationPortrait UIInterfaceOrientationPortraitUpsideDown UIInterfaceOrientationLandscapeLeft UIInterfaceOrientationLandscapeRight";
				INFOPLIST_KEY_UISupportedInterfaceOrientations_iPhone = "UIInterfaceOrientationPortrait UIInterfaceOrientationLandscapeLeft UIInterfaceOrientationLandscapeRight";
				LD_RUNPATH_SEARCH_PATHS = (
					"$(inherited)",
					"@executable_path/Frameworks",
				);
				MARKETING_VERSION = 1.0;
				PRODUCT_BUNDLE_IDENTIFIER = my.ColorMix;
				PRODUCT_NAME = "$(TARGET_NAME)";
				SWIFT_EMIT_LOC_STRINGS = YES;
				SWIFT_VERSION = 5.0;
				TARGETED_DEVICE_FAMILY = "1,2";
			};
			name = Release;
		};
		ADB555772C9512EC008432D9 /* Debug */ = {
			isa = XCBuildConfiguration;
			buildSettings = {
				ALWAYS_EMBED_SWIFT_STANDARD_LIBRARIES = YES;
				BUNDLE_LOADER = "$(TEST_HOST)";
				CODE_SIGN_STYLE = Automatic;
				CURRENT_PROJECT_VERSION = 1;
				GENERATE_INFOPLIST_FILE = YES;
				IPHONEOS_DEPLOYMENT_TARGET = 17.5;
				MARKETING_VERSION = 1.0;
				PRODUCT_BUNDLE_IDENTIFIER = my.ColorMixTests;
				PRODUCT_NAME = "$(TARGET_NAME)";
				SWIFT_EMIT_LOC_STRINGS = NO;
				SWIFT_VERSION = 5.0;
				TARGETED_DEVICE_FAMILY = "1,2";
				TEST_HOST = "$(BUILT_PRODUCTS_DIR)/ColorMix.app/$(BUNDLE_EXECUTABLE_FOLDER_PATH)/ColorMix";
			};
			name = Debug;
		};
		ADB555782C9512EC008432D9 /* Release */ = {
			isa = XCBuildConfiguration;
			buildSettings = {
				ALWAYS_EMBED_SWIFT_STANDARD_LIBRARIES = YES;
				BUNDLE_LOADER = "$(TEST_HOST)";
				CODE_SIGN_STYLE = Automatic;
				CURRENT_PROJECT_VERSION = 1;
				GENERATE_INFOPLIST_FILE = YES;
				IPHONEOS_DEPLOYMENT_TARGET = 17.5;
				MARKETING_VERSION = 1.0;
				PRODUCT_BUNDLE_IDENTIFIER = my.ColorMixTests;
				PRODUCT_NAME = "$(TARGET_NAME)";
				SWIFT_EMIT_LOC_STRINGS = NO;
				SWIFT_VERSION = 5.0;
				TARGETED_DEVICE_FAMILY = "1,2";
				TEST_HOST = "$(BUILT_PRODUCTS_DIR)/ColorMix.app/$(BUNDLE_EXECUTABLE_FOLDER_PATH)/ColorMix";
			};
			name = Release;
		};
		ADB5557A2C9512EC008432D9 /* Debug */ = {
			isa = XCBuildConfiguration;
			buildSettings = {
				ALWAYS_EMBED_SWIFT_STANDARD_LIBRARIES = YES;
				CODE_SIGN_STYLE = Automatic;
				CURRENT_PROJECT_VERSION = 1;
				GENERATE_INFOPLIST_FILE = YES;
				MARKETING_VERSION = 1.0;
				PRODUCT_BUNDLE_IDENTIFIER = my.ColorMixUITests;
				PRODUCT_NAME = "$(TARGET_NAME)";
				SWIFT_EMIT_LOC_STRINGS = NO;
				SWIFT_VERSION = 5.0;
				TARGETED_DEVICE_FAMILY = "1,2";
				TEST_TARGET_NAME = ColorMix;
			};
			name = Debug;
		};
		ADB5557B2C9512EC008432D9 /* Release */ = {
			isa = XCBuildConfiguration;
			buildSettings = {
				ALWAYS_EMBED_SWIFT_STANDARD_LIBRARIES = YES;
				CODE_SIGN_STYLE = Automatic;
				CURRENT_PROJECT_VERSION = 1;
				GENERATE_INFOPLIST_FILE = YES;
				MARKETING_VERSION = 1.0;
				PRODUCT_BUNDLE_IDENTIFIER = my.ColorMixUITests;
				PRODUCT_NAME = "$(TARGET_NAME)";
				SWIFT_EMIT_LOC_STRINGS = NO;
				SWIFT_VERSION = 5.0;
				TARGETED_DEVICE_FAMILY = "1,2";
				TEST_TARGET_NAME = ColorMix;
			};
			name = Release;
		};
/* End XCBuildConfiguration section */

/* Begin XCConfigurationList section */
		ADB5554A2C9512EB008432D9 /* Build configuration list for PBXProject "ColorMix" */ = {
			isa = XCConfigurationList;
			buildConfigurations = (
				ADB555712C9512EC008432D9 /* Debug */,
				ADB555722C9512EC008432D9 /* Release */,
			);
			defaultConfigurationIsVisible = 0;
			defaultConfigurationName = Release;
		};
		ADB555732C9512EC008432D9 /* Build configuration list for PBXNativeTarget "ColorMix" */ = {
			isa = XCConfigurationList;
			buildConfigurations = (
				ADB555742C9512EC008432D9 /* Debug */,
				ADB555752C9512EC008432D9 /* Release */,
			);
			defaultConfigurationIsVisible = 0;
			defaultConfigurationName = Release;
		};
		ADB555762C9512EC008432D9 /* Build configuration list for PBXNativeTarget "ColorMixTests" */ = {
			isa = XCConfigurationList;
			buildConfigurations = (
				ADB555772C9512EC008432D9 /* Debug */,
				ADB555782C9512EC008432D9 /* Release */,
			);
			defaultConfigurationIsVisible = 0;
			defaultConfigurationName = Release;
		};
		ADB555792C9512EC008432D9 /* Build configuration list for PBXNativeTarget "ColorMixUITests" */ = {
			isa = XCConfigurationList;
			buildConfigurations = (
				ADB5557A2C9512EC008432D9 /* Debug */,
				ADB5557B2C9512EC008432D9 /* Release */,
			);
			defaultConfigurationIsVisible = 0;
			defaultConfigurationName = Release;
		};
/* End XCConfigurationList section */
	};
	rootObject = ADB555472C9512EB008432D9 /* Project object */;
}
